// !$*UTF8*$!
{
	archiveVersion = 1;
	classes = {
	};
	objectVersion = 46;
	objects = {

/* Begin PBXBuildFile section */
		305B271919D5178700E9E16F /* AppDelegate.swift in Sources */ = {isa = PBXBuildFile; fileRef = 305B271819D5178700E9E16F /* AppDelegate.swift */; };
		305B271B19D5178700E9E16F /* ViewController.swift in Sources */ = {isa = PBXBuildFile; fileRef = 305B271A19D5178700E9E16F /* ViewController.swift */; };
		305B271E19D5178700E9E16F /* Main.storyboard in Resources */ = {isa = PBXBuildFile; fileRef = 305B271C19D5178700E9E16F /* Main.storyboard */; };
		305B272019D5178700E9E16F /* Images.xcassets in Resources */ = {isa = PBXBuildFile; fileRef = 305B271F19D5178700E9E16F /* Images.xcassets */; };
		305B272319D5178700E9E16F /* LaunchScreen.xib in Resources */ = {isa = PBXBuildFile; fileRef = 305B272119D5178700E9E16F /* LaunchScreen.xib */; };
		305B272F19D5178700E9E16F /* YelpSearchTests.swift in Sources */ = {isa = PBXBuildFile; fileRef = 305B272E19D5178700E9E16F /* YelpSearchTests.swift */; };
/* End PBXBuildFile section */

/* Begin PBXContainerItemProxy section */
		305B272919D5178700E9E16F /* PBXContainerItemProxy */ = {
			isa = PBXContainerItemProxy;
			containerPortal = 305B270B19D5178700E9E16F /* Project object */;
			proxyType = 1;
			remoteGlobalIDString = 305B271219D5178700E9E16F;
			remoteInfo = YelpSearch;
		};
/* End PBXContainerItemProxy section */

/* Begin PBXFileReference section */
		305B271319D5178700E9E16F /* YelpSearch.app */ = {isa = PBXFileReference; explicitFileType = wrapper.application; includeInIndex = 0; path = YelpSearch.app; sourceTree = BUILT_PRODUCTS_DIR; };
		305B271719D5178700E9E16F /* Info.plist */ = {isa = PBXFileReference; lastKnownFileType = text.plist.xml; path = Info.plist; sourceTree = "<group>"; };
		305B271819D5178700E9E16F /* AppDelegate.swift */ = {isa = PBXFileReference; lastKnownFileType = sourcecode.swift; path = AppDelegate.swift; sourceTree = "<group>"; };
		305B271A19D5178700E9E16F /* ViewController.swift */ = {isa = PBXFileReference; lastKnownFileType = sourcecode.swift; path = ViewController.swift; sourceTree = "<group>"; };
		305B271D19D5178700E9E16F /* Base */ = {isa = PBXFileReference; lastKnownFileType = file.storyboard; name = Base; path = Base.lproj/Main.storyboard; sourceTree = "<group>"; };
		305B271F19D5178700E9E16F /* Images.xcassets */ = {isa = PBXFileReference; lastKnownFileType = folder.assetcatalog; path = Images.xcassets; sourceTree = "<group>"; };
		305B272219D5178700E9E16F /* Base */ = {isa = PBXFileReference; lastKnownFileType = file.xib; name = Base; path = Base.lproj/LaunchScreen.xib; sourceTree = "<group>"; };
		305B272819D5178700E9E16F /* YelpSearchTests.xctest */ = {isa = PBXFileReference; explicitFileType = wrapper.cfbundle; includeInIndex = 0; path = YelpSearchTests.xctest; sourceTree = BUILT_PRODUCTS_DIR; };
		305B272D19D5178700E9E16F /* Info.plist */ = {isa = PBXFileReference; lastKnownFileType = text.plist.xml; path = Info.plist; sourceTree = "<group>"; };
		305B272E19D5178700E9E16F /* YelpSearchTests.swift */ = {isa = PBXFileReference; lastKnownFileType = sourcecode.swift; path = YelpSearchTests.swift; sourceTree = "<group>"; };
/* End PBXFileReference section */

/* Begin PBXFrameworksBuildPhase section */
		305B271019D5178700E9E16F /* Frameworks */ = {
			isa = PBXFrameworksBuildPhase;
			buildActionMask = 2147483647;
			files = (
			);
			runOnlyForDeploymentPostprocessing = 0;
		};
		305B272519D5178700E9E16F /* Frameworks */ = {
			isa = PBXFrameworksBuildPhase;
			buildActionMask = 2147483647;
			files = (
			);
			runOnlyForDeploymentPostprocessing = 0;
		};
/* End PBXFrameworksBuildPhase section */

/* Begin PBXGroup section */
		305B270A19D5178700E9E16F = {
			isa = PBXGroup;
			children = (
				305B271519D5178700E9E16F /* YelpSearch */,
				305B272B19D5178700E9E16F /* YelpSearchTests */,
				305B271419D5178700E9E16F /* Products */,
			);
			sourceTree = "<group>";
		};
		305B271419D5178700E9E16F /* Products */ = {
			isa = PBXGroup;
			children = (
				305B271319D5178700E9E16F /* YelpSearch.app */,
				305B272819D5178700E9E16F /* YelpSearchTests.xctest */,
			);
			name = Products;
			sourceTree = "<group>";
		};
		305B271519D5178700E9E16F /* YelpSearch */ = {
			isa = PBXGroup;
			children = (
				305B271819D5178700E9E16F /* AppDelegate.swift */,
				305B271A19D5178700E9E16F /* ViewController.swift */,
				305B271C19D5178700E9E16F /* Main.storyboard */,
				305B271F19D5178700E9E16F /* Images.xcassets */,
				305B272119D5178700E9E16F /* LaunchScreen.xib */,
				305B271619D5178700E9E16F /* Supporting Files */,
			);
			path = YelpSearch;
			sourceTree = "<group>";
		};
		305B271619D5178700E9E16F /* Supporting Files */ = {
			isa = PBXGroup;
			children = (
				305B271719D5178700E9E16F /* Info.plist */,
			);
			name = "Supporting Files";
			sourceTree = "<group>";
		};
		305B272B19D5178700E9E16F /* YelpSearchTests */ = {
			isa = PBXGroup;
			children = (
				305B272E19D5178700E9E16F /* YelpSearchTests.swift */,
				305B272C19D5178700E9E16F /* Supporting Files */,
			);
			path = YelpSearchTests;
			sourceTree = "<group>";
		};
		305B272C19D5178700E9E16F /* Supporting Files */ = {
			isa = PBXGroup;
			children = (
				305B272D19D5178700E9E16F /* Info.plist */,
			);
			name = "Supporting Files";
			sourceTree = "<group>";
		};
/* End PBXGroup section */

/* Begin PBXNativeTarget section */
		305B271219D5178700E9E16F /* YelpSearch */ = {
			isa = PBXNativeTarget;
			buildConfigurationList = 305B273219D5178700E9E16F /* Build configuration list for PBXNativeTarget "YelpSearch" */;
			buildPhases = (
				305B270F19D5178700E9E16F /* Sources */,
				305B271019D5178700E9E16F /* Frameworks */,
				305B271119D5178700E9E16F /* Resources */,
			);
			buildRules = (
			);
			dependencies = (
			);
			name = YelpSearch;
			productName = YelpSearch;
			productReference = 305B271319D5178700E9E16F /* YelpSearch.app */;
			productType = "com.apple.product-type.application";
		};
		305B272719D5178700E9E16F /* YelpSearchTests */ = {
			isa = PBXNativeTarget;
			buildConfigurationList = 305B273519D5178700E9E16F /* Build configuration list for PBXNativeTarget "YelpSearchTests" */;
			buildPhases = (
				305B272419D5178700E9E16F /* Sources */,
				305B272519D5178700E9E16F /* Frameworks */,
				305B272619D5178700E9E16F /* Resources */,
			);
			buildRules = (
			);
			dependencies = (
				305B272A19D5178700E9E16F /* PBXTargetDependency */,
			);
			name = YelpSearchTests;
			productName = YelpSearchTests;
			productReference = 305B272819D5178700E9E16F /* YelpSearchTests.xctest */;
			productType = "com.apple.product-type.bundle.unit-test";
		};
/* End PBXNativeTarget section */

/* Begin PBXProject section */
		305B270B19D5178700E9E16F /* Project object */ = {
			isa = PBXProject;
			attributes = {
				LastUpgradeCheck = 0600;
				ORGANIZATIONNAME = chantech;
				TargetAttributes = {
					305B271219D5178700E9E16F = {
						CreatedOnToolsVersion = 6.0;
					};
					305B272719D5178700E9E16F = {
						CreatedOnToolsVersion = 6.0;
						TestTargetID = 305B271219D5178700E9E16F;
					};
				};
			};
			buildConfigurationList = 305B270E19D5178700E9E16F /* Build configuration list for PBXProject "YelpSearch" */;
			compatibilityVersion = "Xcode 3.2";
			developmentRegion = English;
			hasScannedForEncodings = 0;
			knownRegions = (
				en,
				Base,
			);
			mainGroup = 305B270A19D5178700E9E16F;
			productRefGroup = 305B271419D5178700E9E16F /* Products */;
			projectDirPath = "";
			projectRoot = "";
			targets = (
				305B271219D5178700E9E16F /* YelpSearch */,
				305B272719D5178700E9E16F /* YelpSearchTests */,
			);
		};
/* End PBXProject section */

/* Begin PBXResourcesBuildPhase section */
		305B271119D5178700E9E16F /* Resources */ = {
			isa = PBXResourcesBuildPhase;
			buildActionMask = 2147483647;
			files = (
				305B271E19D5178700E9E16F /* Main.storyboard in Resources */,
				305B272319D5178700E9E16F /* LaunchScreen.xib in Resources */,
				305B272019D5178700E9E16F /* Images.xcassets in Resources */,
			);
			runOnlyForDeploymentPostprocessing = 0;
		};
		305B272619D5178700E9E16F /* Resources */ = {
			isa = PBXResourcesBuildPhase;
			buildActionMask = 2147483647;
			files = (
			);
			runOnlyForDeploymentPostprocessing = 0;
		};
/* End PBXResourcesBuildPhase section */

/* Begin PBXSourcesBuildPhase section */
		305B270F19D5178700E9E16F /* Sources */ = {
			isa = PBXSourcesBuildPhase;
			buildActionMask = 2147483647;
			files = (
				305B271B19D5178700E9E16F /* ViewController.swift in Sources */,
				305B271919D5178700E9E16F /* AppDelegate.swift in Sources */,
			);
			runOnlyForDeploymentPostprocessing = 0;
		};
		305B272419D5178700E9E16F /* Sources */ = {
			isa = PBXSourcesBuildPhase;
			buildActionMask = 2147483647;
			files = (
				305B272F19D5178700E9E16F /* YelpSearchTests.swift in Sources */,
			);
			runOnlyForDeploymentPostprocessing = 0;
		};
/* End PBXSourcesBuildPhase section */

/* Begin PBXTargetDependency section */
		305B272A19D5178700E9E16F /* PBXTargetDependency */ = {
			isa = PBXTargetDependency;
			target = 305B271219D5178700E9E16F /* YelpSearch */;
			targetProxy = 305B272919D5178700E9E16F /* PBXContainerItemProxy */;
		};
/* End PBXTargetDependency section */

/* Begin PBXVariantGroup section */
		305B271C19D5178700E9E16F /* Main.storyboard */ = {
			isa = PBXVariantGroup;
			children = (
				305B271D19D5178700E9E16F /* Base */,
			);
			name = Main.storyboard;
			sourceTree = "<group>";
		};
		305B272119D5178700E9E16F /* LaunchScreen.xib */ = {
			isa = PBXVariantGroup;
			children = (
				305B272219D5178700E9E16F /* Base */,
			);
			name = LaunchScreen.xib;
			sourceTree = "<group>";
		};
/* End PBXVariantGroup section */

/* Begin XCBuildConfiguration section */
		305B273019D5178700E9E16F /* Debug */ = {
			isa = XCBuildConfiguration;
			buildSettings = {
				ALWAYS_SEARCH_USER_PATHS = NO;
				CLANG_CXX_LANGUAGE_STANDARD = "gnu++0x";
				CLANG_CXX_LIBRARY = "libc++";
				CLANG_ENABLE_MODULES = YES;
				CLANG_ENABLE_OBJC_ARC = YES;
				CLANG_WARN_BOOL_CONVERSION = YES;
				CLANG_WARN_CONSTANT_CONVERSION = YES;
				CLANG_WARN_DIRECT_OBJC_ISA_USAGE = YES_ERROR;
				CLANG_WARN_EMPTY_BODY = YES;
				CLANG_WARN_ENUM_CONVERSION = YES;
				CLANG_WARN_INT_CONVERSION = YES;
				CLANG_WARN_OBJC_ROOT_CLASS = YES_ERROR;
				CLANG_WARN_UNREACHABLE_CODE = YES;
				CLANG_WARN__DUPLICATE_METHOD_MATCH = YES;
				"CODE_SIGN_IDENTITY[sdk=iphoneos*]" = "iPhone Developer";
				COPY_PHASE_STRIP = NO;
				ENABLE_STRICT_OBJC_MSGSEND = YES;
				GCC_C_LANGUAGE_STANDARD = gnu99;
				GCC_DYNAMIC_NO_PIC = NO;
				GCC_OPTIMIZATION_LEVEL = 0;
				GCC_PREPROCESSOR_DEFINITIONS = (
					"DEBUG=1",
					"$(inherited)",
				);
				GCC_SYMBOLS_PRIVATE_EXTERN = NO;
				GCC_WARN_64_TO_32_BIT_CONVERSION = YES;
				GCC_WARN_ABOUT_RETURN_TYPE = YES_ERROR;
				GCC_WARN_UNDECLARED_SELECTOR = YES;
				GCC_WARN_UNINITIALIZED_AUTOS = YES_AGGRESSIVE;
				GCC_WARN_UNUSED_FUNCTION = YES;
				GCC_WARN_UNUSED_VARIABLE = YES;
				IPHONEOS_DEPLOYMENT_TARGET = 8.0;
				MTL_ENABLE_DEBUG_INFO = YES;
				ONLY_ACTIVE_ARCH = YES;
				SDKROOT = iphoneos;
				SWIFT_OPTIMIZATION_LEVEL = "-Onone";
			};
			name = Debug;
		};
		305B273119D5178700E9E16F /* Release */ = {
			isa = XCBuildConfiguration;
			buildSettings = {
				ALWAYS_SEARCH_USER_PATHS = NO;
				CLANG_CXX_LANGUAGE_STANDARD = "gnu++0x";
				CLANG_CXX_LIBRARY = "libc++";
				CLANG_ENABLE_MODULES = YES;
				CLANG_ENABLE_OBJC_ARC = YES;
				CLANG_WARN_BOOL_CONVERSION = YES;
				CLANG_WARN_CONSTANT_CONVERSION = YES;
				CLANG_WARN_DIRECT_OBJC_ISA_USAGE = YES_ERROR;
				CLANG_WARN_EMPTY_BODY = YES;
				CLANG_WARN_ENUM_CONVERSION = YES;
				CLANG_WARN_INT_CONVERSION = YES;
				CLANG_WARN_OBJC_ROOT_CLASS = YES_ERROR;
				CLANG_WARN_UNREACHABLE_CODE = YES;
				CLANG_WARN__DUPLICATE_METHOD_MATCH = YES;
				"CODE_SIGN_IDENTITY[sdk=iphoneos*]" = "iPhone Developer";
				COPY_PHASE_STRIP = YES;
				ENABLE_NS_ASSERTIONS = NO;
				ENABLE_STRICT_OBJC_MSGSEND = YES;
				GCC_C_LANGUAGE_STANDARD = gnu99;
				GCC_WARN_64_TO_32_BIT_CONVERSION = YES;
				GCC_WARN_ABOUT_RETURN_TYPE = YES_ERROR;
				GCC_WARN_UNDECLARED_SELECTOR = YES;
				GCC_WARN_UNINITIALIZED_AUTOS = YES_AGGRESSIVE;
				GCC_WARN_UNUSED_FUNCTION = YES;
				GCC_WARN_UNUSED_VARIABLE = YES;
				IPHONEOS_DEPLOYMENT_TARGET = 8.0;
				MTL_ENABLE_DEBUG_INFO = NO;
				SDKROOT = iphoneos;
				VALIDATE_PRODUCT = YES;
			};
			name = Release;
		};
		305B273319D5178700E9E16F /* Debug */ = {
			isa = XCBuildConfiguration;
			buildSettings = {
				ASSETCATALOG_COMPILER_APPICON_NAME = AppIcon;
				INFOPLIST_FILE = YelpSearch/Info.plist;
				LD_RUNPATH_SEARCH_PATHS = "$(inherited) @executable_path/Frameworks";
				PRODUCT_NAME = "$(TARGET_NAME)";
			};
			name = Debug;
		};
		305B273419D5178700E9E16F /* Release */ = {
			isa = XCBuildConfiguration;
			buildSettings = {
				ASSETCATALOG_COMPILER_APPICON_NAME = AppIcon;
				INFOPLIST_FILE = YelpSearch/Info.plist;
				LD_RUNPATH_SEARCH_PATHS = "$(inherited) @executable_path/Frameworks";
				PRODUCT_NAME = "$(TARGET_NAME)";
			};
			name = Release;
		};
		305B273619D5178700E9E16F /* Debug */ = {
			isa = XCBuildConfiguration;
			buildSettings = {
				BUNDLE_LOADER = "$(TEST_HOST)";
				FRAMEWORK_SEARCH_PATHS = (
					"$(SDKROOT)/Developer/Library/Frameworks",
					"$(inherited)",
				);
				GCC_PREPROCESSOR_DEFINITIONS = (
					"DEBUG=1",
					"$(inherited)",
				);
				INFOPLIST_FILE = YelpSearchTests/Info.plist;
				LD_RUNPATH_SEARCH_PATHS = "$(inherited) @executable_path/Frameworks @loader_path/Frameworks";
				PRODUCT_NAME = "$(TARGET_NAME)";
				TEST_HOST = "$(BUILT_PRODUCTS_DIR)/YelpSearch.app/YelpSearch";
			};
			name = Debug;
		};
		305B273719D5178700E9E16F /* Release */ = {
			isa = XCBuildConfiguration;
			buildSettings = {
				BUNDLE_LOADER = "$(TEST_HOST)";
				FRAMEWORK_SEARCH_PATHS = (
					"$(SDKROOT)/Developer/Library/Frameworks",
					"$(inherited)",
				);
				INFOPLIST_FILE = YelpSearchTests/Info.plist;
				LD_RUNPATH_SEARCH_PATHS = "$(inherited) @executable_path/Frameworks @loader_path/Frameworks";
				PRODUCT_NAME = "$(TARGET_NAME)";
				TEST_HOST = "$(BUILT_PRODUCTS_DIR)/YelpSearch.app/YelpSearch";
			};
			name = Release;
		};
/* End XCBuildConfiguration section */

/* Begin XCConfigurationList section */
		305B270E19D5178700E9E16F /* Build configuration list for PBXProject "YelpSearch" */ = {
			isa = XCConfigurationList;
			buildConfigurations = (
				305B273019D5178700E9E16F /* Debug */,
				305B273119D5178700E9E16F /* Release */,
			);
			defaultConfigurationIsVisible = 0;
			defaultConfigurationName = Release;
		};
		305B273219D5178700E9E16F /* Build configuration list for PBXNativeTarget "YelpSearch" */ = {
			isa = XCConfigurationList;
			buildConfigurations = (
				305B273319D5178700E9E16F /* Debug */,
				305B273419D5178700E9E16F /* Release */,
			);
			defaultConfigurationIsVisible = 0;
		};
		305B273519D5178700E9E16F /* Build configuration list for PBXNativeTarget "YelpSearchTests" */ = {
			isa = XCConfigurationList;
			buildConfigurations = (
				305B273619D5178700E9E16F /* Debug */,
				305B273719D5178700E9E16F /* Release */,
			);
			defaultConfigurationIsVisible = 0;
		};
/* End XCConfigurationList section */
	};
	rootObject = 305B270B19D5178700E9E16F /* Project object */;
}
